
Microsoft Visual Studio Solution File, Format Version 12.00
# Visual Studio Version 16
VisualStudioVersion = 16.0.30413.136
MinimumVisualStudioVersion = 10.0.40219.1
Project("{FAE04EC0-301F-11D3-BF4B-00C04F79EFBC}") = "dns-updater", "dns-updater.csproj", "{49DAFF08-364B-4417-9765-B52100123A8B}"
EndProject
Global
	GlobalSection(SolutionConfigurationPlatforms) = preSolution
		Debug|Any CPU = Debug|Any CPU
		Release|Any CPU = Release|Any CPU
	EndGlobalSection
	GlobalSection(ProjectConfigurationPlatforms) = postSolution
		{49DAFF08-364B-4417-9765-B52100123A8B}.Debug|Any CPU.ActiveCfg = Debug|Any CPU
		{49DAFF08-364B-4417-9765-B52100123A8B}.Debug|Any CPU.Build.0 = Debug|Any CPU
		{49DAFF08-364B-4417-9765-B52100123A8B}.Release|Any CPU.ActiveCfg = Release|Any CPU
		{49DAFF08-364B-4417-9765-B52100123A8B}.Release|Any CPU.Build.0 = Release|Any CPU
	EndGlobalSection
	GlobalSection(SolutionProperties) = preSolution
		HideSolutionNode = FALSE
	EndGlobalSection
	GlobalSection(ExtensibilityGlobals) = postSolution
		SolutionGuid = {DD8BA818-45F8-416C-807F-08064185A155}
	EndGlobalSection
EndGlobal
